
Microsoft Visual Studio Solution File, Format Version 12.00
# Visual Studio Version 16
VisualStudioVersion = 16.0.31515.178
MinimumVisualStudioVersion = 10.0.40219.1
Project("{FAE04EC0-301F-11D3-BF4B-00C04F79EFBC}") = "Course08", "Course08\Course08.csproj", "{5AE84684-4F1C-4E16-AB3C-E2C276E5FF71}"
EndProject
Global
	GlobalSection(SolutionConfigurationPlatforms) = preSolution
		Debug|Any CPU = Debug|Any CPU
		Release|Any CPU = Release|Any CPU
	EndGlobalSection
	GlobalSection(ProjectConfigurationPlatforms) = postSolution
		{5AE84684-4F1C-4E16-AB3C-E2C276E5FF71}.Debug|Any CPU.ActiveCfg = Debug|Any CPU
		{5AE84684-4F1C-4E16-AB3C-E2C276E5FF71}.Debug|Any CPU.Build.0 = Debug|Any CPU
		{5AE84684-4F1C-4E16-AB3C-E2C276E5FF71}.Release|Any CPU.ActiveCfg = Release|Any CPU
		{5AE84684-4F1C-4E16-AB3C-E2C276E5FF71}.Release|Any CPU.Build.0 = Release|Any CPU
	EndGlobalSection
	GlobalSection(SolutionProperties) = preSolution
		HideSolutionNode = FALSE
	EndGlobalSection
	GlobalSection(ExtensibilityGlobals) = postSolution
		SolutionGuid = {49729EA4-7F71-4821-9F1E-42F6B9D66ABF}
	EndGlobalSection
EndGlobal
